# THIS IS AN AUTOGENERATED FILE. DO NOT EDIT THIS FILE DIRECTLY.
# yarn lockfile v1


"arpscan@git://github.com/ShayDavidson/arpscan#9910bd8dc7f53c44dca389b8d4d9b1a4b1608bcb":
  version "0.5.1"
  resolved "git://github.com/ShayDavidson/arpscan#9910bd8dc7f53c44dca389b8d4d9b1a4b1608bcb"
  dependencies:
    commander "^2.7.1"
    gextend "^0.1.6"
    suspawn "^0.2.2"

commander@^2.7.1:
  version "2.10.0"
  resolved "https://registry.yarnpkg.com/commander/-/commander-2.10.0.tgz#e1f5d3245de246d1a5ca04702fa1ad1bd7e405fe"
  dependencies:
    graceful-readlink ">= 1.0.0"

gextend@^0.1.6:
  version "0.1.6"
  resolved "https://registry.yarnpkg.com/gextend/-/gextend-0.1.6.tgz#ede42c0f0bbf53fd0f5f101c416343caf6bd8472"

"graceful-readlink@>= 1.0.0":
  version "1.0.1"
  resolved "https://registry.yarnpkg.com/graceful-readlink/-/graceful-readlink-1.0.1.tgz#4cafad76bc62f02fa039b2f94e9a3dd3a391a725"

suspawn@^0.2.2:
  version "0.2.2"
  resolved "https://registry.yarnpkg.com/suspawn/-/suspawn-0.2.2.tgz#0a540fda0817579e8905b56e29de1bf483a5f3c3"
